// !$*UTF8*$!
{
	archiveVersion = 1;
	classes = {
	};
	objectVersion = 46;
	objects = {

/* Begin PBXBuildFile section */
		DE266DB31D8A695A005B5C7C /* 1347 -tour.cpp in Sources */ = {isa = PBXBuildFile; fileRef = DE266DB21D8A695A005B5C7C /* 1347 -tour.cpp */; };
		DE266DB51D8A7B0A005B5C7C /* LIS.cpp in Sources */ = {isa = PBXBuildFile; fileRef = DE266DB41D8A7B0A005B5C7C /* LIS.cpp */; };
		DE266DB71D8A7F0E005B5C7C /* LCS.cpp in Sources */ = {isa = PBXBuildFile; fileRef = DE266DB61D8A7F0E005B5C7C /* LCS.cpp */; };
		DE266DB91D8A8551005B5C7C /* 11400 Lighting System Design.cpp in Sources */ = {isa = PBXBuildFile; fileRef = DE266DB81D8A8551005B5C7C /* 11400 Lighting System Design.cpp */; };
		DE266DBB1D8ADE03005B5C7C /* 11584 - Partitioning by Palindromes.cpp in Sources */ = {isa = PBXBuildFile; fileRef = DE266DBA1D8ADE03005B5C7C /* 11584 - Partitioning by Palindromes.cpp */; };
		DE31C1F21DC5C05E00894CEB /* 10285 - Longest Run on a Snowboard.cpp in Sources */ = {isa = PBXBuildFile; fileRef = DE31C1F11DC5C05E00894CEB /* 10285 - Longest Run on a Snowboard.cpp */; };
		DE31C1F41DC5D3B400894CEB /* 10118 - Free Candies.cpp in Sources */ = {isa = PBXBuildFile; fileRef = DE31C1F31DC5D3B400894CEB /* 10118 - Free Candies.cpp */; };
		DE3788C41D8244FC00CD3F8D /* 12563 - Jin Ge Jin Qu hao.cpp in Sources */ = {isa = PBXBuildFile; fileRef = DE3788C31D8244FC00CD3F8D /* 12563 - Jin Ge Jin Qu hao.cpp */; };
		DE3788C61D825DAF00CD3F8D /* 116 - Unidirectional TSP.cpp in Sources */ = {isa = PBXBuildFile; fileRef = DE3788C51D825DAF00CD3F8D /* 116 - Unidirectional TSP.cpp */; };
		DEABF5F61DC6206F00ADDAE1 /* 1629 - Cake slicing.cpp in Sources */ = {isa = PBXBuildFile; fileRef = DEABF5F51DC6206F00ADDAE1 /* 1629 - Cake slicing.cpp */; };
		DEC486271D81AD570041CBDC /* 0-1package.cpp in Sources */ = {isa = PBXBuildFile; fileRef = DEC486261D81AD570041CBDC /* 0-1package.cpp */; };
		DEC9BFA61DCDE9C6003450F2 /* Uva 2692 Folding.cpp in Sources */ = {isa = PBXBuildFile; fileRef = DEC9BFA51DCDE9C6003450F2 /* Uva 2692 Folding.cpp */; };
		DEEE3EAD1D897C8600718AED /* 1025 - A Spy in the Metro.cpp in Sources */ = {isa = PBXBuildFile; fileRef = DEEE3EAC1D897C8600718AED /* 1025 - A Spy in the Metro.cpp */; };
		DEEE3EAF1D898C7D00718AED /* 437 - The Tower of Babylon.cpp in Sources */ = {isa = PBXBuildFile; fileRef = DEEE3EAE1D898C7D00718AED /* 437 - The Tower of Babylon.cpp */; };
		DEFA4BE21D8791530079C338 /* DAG_rectangle.cpp in Sources */ = {isa = PBXBuildFile; fileRef = DEFA4BE11D8791530079C338 /* DAG_rectangle.cpp */; };
		DEFA4BE41D87A91A0079C338 /* DAG_coins.cpp in Sources */ = {isa = PBXBuildFile; fileRef = DEFA4BE31D87A91A0079C338 /* DAG_coins.cpp */; };
/* End PBXBuildFile section */

/* Begin PBXCopyFilesBuildPhase section */
		DEC486211D81AD570041CBDC /* CopyFiles */ = {
			isa = PBXCopyFilesBuildPhase;
			buildActionMask = 2147483647;
			dstPath = /usr/share/man/man1/;
			dstSubfolderSpec = 0;
			files = (
			);
			runOnlyForDeploymentPostprocessing = 1;
		};
/* End PBXCopyFilesBuildPhase section */

/* Begin PBXFileReference section */
		DE266DB21D8A695A005B5C7C /* 1347 -tour.cpp */ = {isa = PBXFileReference; fileEncoding = 4; lastKnownFileType = sourcecode.cpp.cpp; path = "1347 -tour.cpp"; sourceTree = "<group>"; };
		DE266DB41D8A7B0A005B5C7C /* LIS.cpp */ = {isa = PBXFileReference; fileEncoding = 4; lastKnownFileType = sourcecode.cpp.cpp; path = LIS.cpp; sourceTree = "<group>"; };
		DE266DB61D8A7F0E005B5C7C /* LCS.cpp */ = {isa = PBXFileReference; fileEncoding = 4; lastKnownFileType = sourcecode.cpp.cpp; path = LCS.cpp; sourceTree = "<group>"; };
		DE266DB81D8A8551005B5C7C /* 11400 Lighting System Design.cpp */ = {isa = PBXFileReference; fileEncoding = 4; lastKnownFileType = sourcecode.cpp.cpp; path = "11400 Lighting System Design.cpp"; sourceTree = "<group>"; };
		DE266DBA1D8ADE03005B5C7C /* 11584 - Partitioning by Palindromes.cpp */ = {isa = PBXFileReference; fileEncoding = 4; lastKnownFileType = sourcecode.cpp.cpp; path = "11584 - Partitioning by Palindromes.cpp"; sourceTree = "<group>"; };
		DE31C1F11DC5C05E00894CEB /* 10285 - Longest Run on a Snowboard.cpp */ = {isa = PBXFileReference; fileEncoding = 4; lastKnownFileType = sourcecode.cpp.cpp; path = "10285 - Longest Run on a Snowboard.cpp"; sourceTree = "<group>"; };
		DE31C1F31DC5D3B400894CEB /* 10118 - Free Candies.cpp */ = {isa = PBXFileReference; fileEncoding = 4; lastKnownFileType = sourcecode.cpp.cpp; path = "10118 - Free Candies.cpp"; sourceTree = "<group>"; };
		DE3788C31D8244FC00CD3F8D /* 12563 - Jin Ge Jin Qu hao.cpp */ = {isa = PBXFileReference; fileEncoding = 4; lastKnownFileType = sourcecode.cpp.cpp; path = "12563 - Jin Ge Jin Qu hao.cpp"; sourceTree = "<group>"; };
		DE3788C51D825DAF00CD3F8D /* 116 - Unidirectional TSP.cpp */ = {isa = PBXFileReference; fileEncoding = 4; lastKnownFileType = sourcecode.cpp.cpp; path = "116 - Unidirectional TSP.cpp"; sourceTree = "<group>"; };
		DEABF5F51DC6206F00ADDAE1 /* 1629 - Cake slicing.cpp */ = {isa = PBXFileReference; fileEncoding = 4; lastKnownFileType = sourcecode.cpp.cpp; path = "1629 - Cake slicing.cpp"; sourceTree = "<group>"; };
		DEC486231D81AD570041CBDC /* DynamicalProgramming */ = {isa = PBXFileReference; explicitFileType = "compiled.mach-o.executable"; includeInIndex = 0; path = DynamicalProgramming; sourceTree = BUILT_PRODUCTS_DIR; };
		DEC486261D81AD570041CBDC /* 0-1package.cpp */ = {isa = PBXFileReference; lastKnownFileType = sourcecode.cpp.cpp; path = "0-1package.cpp"; sourceTree = "<group>"; };
		DEC4862D1D81B6130041CBDC /* in */ = {isa = PBXFileReference; fileEncoding = 4; lastKnownFileType = text; path = in; sourceTree = "<group>"; };
		DEC4862E1D81B61D0041CBDC /* out */ = {isa = PBXFileReference; fileEncoding = 4; lastKnownFileType = text; path = out; sourceTree = "<group>"; };
		DEC9BFA51DCDE9C6003450F2 /* Uva 2692 Folding.cpp */ = {isa = PBXFileReference; fileEncoding = 4; lastKnownFileType = sourcecode.cpp.cpp; path = "Uva 2692 Folding.cpp"; sourceTree = "<group>"; };
		DEEE3EAC1D897C8600718AED /* 1025 - A Spy in the Metro.cpp */ = {isa = PBXFileReference; fileEncoding = 4; lastKnownFileType = sourcecode.cpp.cpp; path = "1025 - A Spy in the Metro.cpp"; sourceTree = "<group>"; };
		DEEE3EAE1D898C7D00718AED /* 437 - The Tower of Babylon.cpp */ = {isa = PBXFileReference; fileEncoding = 4; lastKnownFileType = sourcecode.cpp.cpp; path = "437 - The Tower of Babylon.cpp"; sourceTree = "<group>"; };
		DEFA4BE11D8791530079C338 /* DAG_rectangle.cpp */ = {isa = PBXFileReference; fileEncoding = 4; lastKnownFileType = sourcecode.cpp.cpp; path = DAG_rectangle.cpp; sourceTree = "<group>"; };
		DEFA4BE31D87A91A0079C338 /* DAG_coins.cpp */ = {isa = PBXFileReference; fileEncoding = 4; lastKnownFileType = sourcecode.cpp.cpp; path = DAG_coins.cpp; sourceTree = "<group>"; };
/* End PBXFileReference section */

/* Begin PBXFrameworksBuildPhase section */
		DEC486201D81AD570041CBDC /* Frameworks */ = {
			isa = PBXFrameworksBuildPhase;
			buildActionMask = 2147483647;
			files = (
			);
			runOnlyForDeploymentPostprocessing = 0;
		};
/* End PBXFrameworksBuildPhase section */

/* Begin PBXGroup section */
		DEC4861A1D81AD570041CBDC = {
			isa = PBXGroup;
			children = (
				DEC486251D81AD570041CBDC /* DynamicalProgramming */,
				DEC486241D81AD570041CBDC /* Products */,
			);
			sourceTree = "<group>";
		};
		DEC486241D81AD570041CBDC /* Products */ = {
			isa = PBXGroup;
			children = (
				DEC486231D81AD570041CBDC /* DynamicalProgramming */,
			);
			name = Products;
			sourceTree = "<group>";
		};
		DEC486251D81AD570041CBDC /* DynamicalProgramming */ = {
			isa = PBXGroup;
			children = (
				DEC486261D81AD570041CBDC /* 0-1package.cpp */,
				DEC4862D1D81B6130041CBDC /* in */,
				DEC4862E1D81B61D0041CBDC /* out */,
				DE3788C31D8244FC00CD3F8D /* 12563 - Jin Ge Jin Qu hao.cpp */,
				DE3788C51D825DAF00CD3F8D /* 116 - Unidirectional TSP.cpp */,
				DEFA4BE11D8791530079C338 /* DAG_rectangle.cpp */,
				DEFA4BE31D87A91A0079C338 /* DAG_coins.cpp */,
				DEEE3EAC1D897C8600718AED /* 1025 - A Spy in the Metro.cpp */,
				DEEE3EAE1D898C7D00718AED /* 437 - The Tower of Babylon.cpp */,
				DE266DB21D8A695A005B5C7C /* 1347 -tour.cpp */,
				DE266DB41D8A7B0A005B5C7C /* LIS.cpp */,
				DE266DB61D8A7F0E005B5C7C /* LCS.cpp */,
				DE266DB81D8A8551005B5C7C /* 11400 Lighting System Design.cpp */,
				DE266DBA1D8ADE03005B5C7C /* 11584 - Partitioning by Palindromes.cpp */,
				DE31C1F11DC5C05E00894CEB /* 10285 - Longest Run on a Snowboard.cpp */,
				DE31C1F31DC5D3B400894CEB /* 10118 - Free Candies.cpp */,
				DEABF5F51DC6206F00ADDAE1 /* 1629 - Cake slicing.cpp */,
				DEC9BFA51DCDE9C6003450F2 /* Uva 2692 Folding.cpp */,
			);
			path = DynamicalProgramming;
			sourceTree = "<group>";
		};
/* End PBXGroup section */

/* Begin PBXNativeTarget section */
		DEC486221D81AD570041CBDC /* DynamicalProgramming */ = {
			isa = PBXNativeTarget;
			buildConfigurationList = DEC4862A1D81AD570041CBDC /* Build configuration list for PBXNativeTarget "DynamicalProgramming" */;
			buildPhases = (
				DEC4861F1D81AD570041CBDC /* Sources */,
				DEC486201D81AD570041CBDC /* Frameworks */,
				DEC486211D81AD570041CBDC /* CopyFiles */,
			);
			buildRules = (
			);
			dependencies = (
			);
			name = DynamicalProgramming;
			productName = DynamicalProgramming;
			productReference = DEC486231D81AD570041CBDC /* DynamicalProgramming */;
			productType = "com.apple.product-type.tool";
		};
/* End PBXNativeTarget section */

/* Begin PBXProject section */
		DEC4861B1D81AD570041CBDC /* Project object */ = {
			isa = PBXProject;
			attributes = {
				LastUpgradeCheck = 0720;
				ORGANIZATIONNAME = YuXiao;
				TargetAttributes = {
					DEC486221D81AD570041CBDC = {
						CreatedOnToolsVersion = 7.2.1;
					};
				};
			};
			buildConfigurationList = DEC4861E1D81AD570041CBDC /* Build configuration list for PBXProject "DynamicalProgramming" */;
			compatibilityVersion = "Xcode 3.2";
			developmentRegion = English;
			hasScannedForEncodings = 0;
			knownRegions = (
				en,
			);
			mainGroup = DEC4861A1D81AD570041CBDC;
			productRefGroup = DEC486241D81AD570041CBDC /* Products */;
			projectDirPath = "";
			projectRoot = "";
			targets = (
				DEC486221D81AD570041CBDC /* DynamicalProgramming */,
			);
		};
/* End PBXProject section */

/* Begin PBXSourcesBuildPhase section */
		DEC4861F1D81AD570041CBDC /* Sources */ = {
			isa = PBXSourcesBuildPhase;
			buildActionMask = 2147483647;
			files = (
				DE3788C61D825DAF00CD3F8D /* 116 - Unidirectional TSP.cpp in Sources */,
				DE3788C41D8244FC00CD3F8D /* 12563 - Jin Ge Jin Qu hao.cpp in Sources */,
				DEFA4BE41D87A91A0079C338 /* DAG_coins.cpp in Sources */,
				DE266DB51D8A7B0A005B5C7C /* LIS.cpp in Sources */,
				DE266DB71D8A7F0E005B5C7C /* LCS.cpp in Sources */,
				DE266DBB1D8ADE03005B5C7C /* 11584 - Partitioning by Palindromes.cpp in Sources */,
				DE31C1F41DC5D3B400894CEB /* 10118 - Free Candies.cpp in Sources */,
				DEC9BFA61DCDE9C6003450F2 /* Uva 2692 Folding.cpp in Sources */,
				DEEE3EAD1D897C8600718AED /* 1025 - A Spy in the Metro.cpp in Sources */,
				DE31C1F21DC5C05E00894CEB /* 10285 - Longest Run on a Snowboard.cpp in Sources */,
				DEFA4BE21D8791530079C338 /* DAG_rectangle.cpp in Sources */,
				DE266DB31D8A695A005B5C7C /* 1347 -tour.cpp in Sources */,
				DEEE3EAF1D898C7D00718AED /* 437 - The Tower of Babylon.cpp in Sources */,
				DEC486271D81AD570041CBDC /* 0-1package.cpp in Sources */,
				DEABF5F61DC6206F00ADDAE1 /* 1629 - Cake slicing.cpp in Sources */,
				DE266DB91D8A8551005B5C7C /* 11400 Lighting System Design.cpp in Sources */,
			);
			runOnlyForDeploymentPostprocessing = 0;
		};
/* End PBXSourcesBuildPhase section */

/* Begin XCBuildConfiguration section */
		DEC486281D81AD570041CBDC /* Debug */ = {
			isa = XCBuildConfiguration;
			buildSettings = {
				ALWAYS_SEARCH_USER_PATHS = NO;
				CLANG_CXX_LANGUAGE_STANDARD = "gnu++0x";
				CLANG_CXX_LIBRARY = "libc++";
				CLANG_ENABLE_MODULES = YES;
				CLANG_ENABLE_OBJC_ARC = YES;
				CLANG_WARN_BOOL_CONVERSION = YES;
				CLANG_WARN_CONSTANT_CONVERSION = YES;
				CLANG_WARN_DIRECT_OBJC_ISA_USAGE = YES_ERROR;
				CLANG_WARN_EMPTY_BODY = YES;
				CLANG_WARN_ENUM_CONVERSION = YES;
				CLANG_WARN_INT_CONVERSION = YES;
				CLANG_WARN_OBJC_ROOT_CLASS = YES_ERROR;
				CLANG_WARN_UNREACHABLE_CODE = YES;
				CLANG_WARN__DUPLICATE_METHOD_MATCH = YES;
				CODE_SIGN_IDENTITY = "-";
				COPY_PHASE_STRIP = NO;
				DEBUG_INFORMATION_FORMAT = dwarf;
				ENABLE_STRICT_OBJC_MSGSEND = YES;
				ENABLE_TESTABILITY = YES;
				GCC_C_LANGUAGE_STANDARD = gnu99;
				GCC_DYNAMIC_NO_PIC = NO;
				GCC_NO_COMMON_BLOCKS = YES;
				GCC_OPTIMIZATION_LEVEL = 0;
				GCC_PREPROCESSOR_DEFINITIONS = (
					"DEBUG=1",
					"$(inherited)",
				);
				GCC_WARN_64_TO_32_BIT_CONVERSION = YES;
				GCC_WARN_ABOUT_RETURN_TYPE = YES_ERROR;
				GCC_WARN_UNDECLARED_SELECTOR = YES;
				GCC_WARN_UNINITIALIZED_AUTOS = YES_AGGRESSIVE;
				GCC_WARN_UNUSED_FUNCTION = YES;
				GCC_WARN_UNUSED_VARIABLE = YES;
				MACOSX_DEPLOYMENT_TARGET = 10.10;
				MTL_ENABLE_DEBUG_INFO = YES;
				ONLY_ACTIVE_ARCH = YES;
				SDKROOT = macosx;
			};
			name = Debug;
		};
		DEC486291D81AD570041CBDC /* Release */ = {
			isa = XCBuildConfiguration;
			buildSettings = {
				ALWAYS_SEARCH_USER_PATHS = NO;
				CLANG_CXX_LANGUAGE_STANDARD = "gnu++0x";
				CLANG_CXX_LIBRARY = "libc++";
				CLANG_ENABLE_MODULES = YES;
				CLANG_ENABLE_OBJC_ARC = YES;
				CLANG_WARN_BOOL_CONVERSION = YES;
				CLANG_WARN_CONSTANT_CONVERSION = YES;
				CLANG_WARN_DIRECT_OBJC_ISA_USAGE = YES_ERROR;
				CLANG_WARN_EMPTY_BODY = YES;
				CLANG_WARN_ENUM_CONVERSION = YES;
				CLANG_WARN_INT_CONVERSION = YES;
				CLANG_WARN_OBJC_ROOT_CLASS = YES_ERROR;
				CLANG_WARN_UNREACHABLE_CODE = YES;
				CLANG_WARN__DUPLICATE_METHOD_MATCH = YES;
				CODE_SIGN_IDENTITY = "-";
				COPY_PHASE_STRIP = NO;
				DEBUG_INFORMATION_FORMAT = "dwarf-with-dsym";
				ENABLE_NS_ASSERTIONS = NO;
				ENABLE_STRICT_OBJC_MSGSEND = YES;
				GCC_C_LANGUAGE_STANDARD = gnu99;
				GCC_NO_COMMON_BLOCKS = YES;
				GCC_WARN_64_TO_32_BIT_CONVERSION = YES;
				GCC_WARN_ABOUT_RETURN_TYPE = YES_ERROR;
				GCC_WARN_UNDECLARED_SELECTOR = YES;
				GCC_WARN_UNINITIALIZED_AUTOS = YES_AGGRESSIVE;
				GCC_WARN_UNUSED_FUNCTION = YES;
				GCC_WARN_UNUSED_VARIABLE = YES;
				MACOSX_DEPLOYMENT_TARGET = 10.10;
				MTL_ENABLE_DEBUG_INFO = NO;
				SDKROOT = macosx;
			};
			name = Release;
		};
		DEC4862B1D81AD570041CBDC /* Debug */ = {
			isa = XCBuildConfiguration;
			buildSettings = {
				PRODUCT_NAME = "$(TARGET_NAME)";
			};
			name = Debug;
		};
		DEC4862C1D81AD570041CBDC /* Release */ = {
			isa = XCBuildConfiguration;
			buildSettings = {
				PRODUCT_NAME = "$(TARGET_NAME)";
			};
			name = Release;
		};
/* End XCBuildConfiguration section */

/* Begin XCConfigurationList section */
		DEC4861E1D81AD570041CBDC /* Build configuration list for PBXProject "DynamicalProgramming" */ = {
			isa = XCConfigurationList;
			buildConfigurations = (
				DEC486281D81AD570041CBDC /* Debug */,
				DEC486291D81AD570041CBDC /* Release */,
			);
			defaultConfigurationIsVisible = 0;
			defaultConfigurationName = Release;
		};
		DEC4862A1D81AD570041CBDC /* Build configuration list for PBXNativeTarget "DynamicalProgramming" */ = {
			isa = XCConfigurationList;
			buildConfigurations = (
				DEC4862B1D81AD570041CBDC /* Debug */,
				DEC4862C1D81AD570041CBDC /* Release */,
			);
			defaultConfigurationIsVisible = 0;
			defaultConfigurationName = Release;
		};
/* End XCConfigurationList section */
	};
	rootObject = DEC4861B1D81AD570041CBDC /* Project object */;
}
